// !$*UTF8*$!
{
	archiveVersion = 1;
	classes = {
	};
	objectVersion = 55;
	objects = {

/* Begin PBXBuildFile section */
		207EEA8A28199A2E00A074EC /* SearchResultViewController.swift in Sources */ = {isa = PBXBuildFile; fileRef = 207EEA8928199A2E00A074EC /* SearchResultViewController.swift */; };
		207EEA8D2819A7D200A074EC /* UsersTableDirector.swift in Sources */ = {isa = PBXBuildFile; fileRef = 207EEA8C2819A7D200A074EC /* UsersTableDirector.swift */; };
		207EEA902819AD0800A074EC /* UserTableViewCell.swift in Sources */ = {isa = PBXBuildFile; fileRef = 207EEA8F2819AD0800A074EC /* UserTableViewCell.swift */; };
		207EEA922819AF2400A074EC /* ConfigurableCell.swift in Sources */ = {isa = PBXBuildFile; fileRef = 207EEA912819AF2400A074EC /* ConfigurableCell.swift */; };
		207EEA952819AF5900A074EC /* CellConfigurator.swift in Sources */ = {isa = PBXBuildFile; fileRef = 207EEA942819AF5900A074EC /* CellConfigurator.swift */; };
		207EEA972819B7AF00A074EC /* UsersService.swift in Sources */ = {isa = PBXBuildFile; fileRef = 207EEA962819B7AF00A074EC /* UsersService.swift */; };
		207EEA992819B9CF00A074EC /* UsersWrapper.swift in Sources */ = {isa = PBXBuildFile; fileRef = 207EEA982819B9CF00A074EC /* UsersWrapper.swift */; };
		207EEA9C2819BB5F00A074EC /* SearchResultViewModel.swift in Sources */ = {isa = PBXBuildFile; fileRef = 207EEA9B2819BB5F00A074EC /* SearchResultViewModel.swift */; };
		207EEA9E2819C29A00A074EC /* UserCellData.swift in Sources */ = {isa = PBXBuildFile; fileRef = 207EEA9D2819C29A00A074EC /* UserCellData.swift */; };
		CC59F18BB97C48FFED712AF6 /* Pods_UnsplashPremium.framework in Frameworks */ = {isa = PBXBuildFile; fileRef = 9DEADE85FD6602BC3154196E /* Pods_UnsplashPremium.framework */; };
		CE66F39E2817E6BF00860EA2 /* Gradient View.swift in Sources */ = {isa = PBXBuildFile; fileRef = CE66F39D2817E6BF00860EA2 /* Gradient View.swift */; };
		CE9034CD281E8872001C4674 /* PageViewController.swift in Sources */ = {isa = PBXBuildFile; fileRef = CE9034CC281E8872001C4674 /* PageViewController.swift */; };
		CE9034CF281E90BD001C4674 /* EditorialPage.swift in Sources */ = {isa = PBXBuildFile; fileRef = CE9034CE281E90BD001C4674 /* EditorialPage.swift */; };
		CE9034D1281F80C7001C4674 /* CollectionAction.swift in Sources */ = {isa = PBXBuildFile; fileRef = CE9034D0281F80C7001C4674 /* CollectionAction.swift */; };
		CE9034D3281F80D3001C4674 /* CollectionActionProxy.swift in Sources */ = {isa = PBXBuildFile; fileRef = CE9034D2281F80D3001C4674 /* CollectionActionProxy.swift */; };
		CE9034DB281F8358001C4674 /* CollectionCellConfigurator.swift in Sources */ = {isa = PBXBuildFile; fileRef = CE9034DA281F8358001C4674 /* CollectionCellConfigurator.swift */; };
		CE9034DE281FDB07001C4674 /* PhotoDetail.swift in Sources */ = {isa = PBXBuildFile; fileRef = CE9034DD281FDB07001C4674 /* PhotoDetail.swift */; };
		CE9034E0281FDB60001C4674 /* Size.swift in Sources */ = {isa = PBXBuildFile; fileRef = CE9034DF281FDB60001C4674 /* Size.swift */; };
		CE9034E4281FE9C2001C4674 /* UserCellSelectedListener.swift in Sources */ = {isa = PBXBuildFile; fileRef = CE9034E3281FE9C2001C4674 /* UserCellSelectedListener.swift */; };
		CE9034FE281FEAE2001C4674 /* UserLikeCellData.swift in Sources */ = {isa = PBXBuildFile; fileRef = CE9034F1281FEAE1001C4674 /* UserLikeCellData.swift */; };
		CE9034FF281FEAE2001C4674 /* UserLikeTableViewCell.swift in Sources */ = {isa = PBXBuildFile; fileRef = CE9034F2281FEAE1001C4674 /* UserLikeTableViewCell.swift */; };
		CE903500281FEAE2001C4674 /* UserLikesTableDirector.swift in Sources */ = {isa = PBXBuildFile; fileRef = CE9034F3281FEAE1001C4674 /* UserLikesTableDirector.swift */; };
		CE903501281FEAE2001C4674 /* UserDetailsViewModel.swift in Sources */ = {isa = PBXBuildFile; fileRef = CE9034F4281FEAE1001C4674 /* UserDetailsViewModel.swift */; };
		CE903502281FEAE2001C4674 /* UserDetailsViewController.swift in Sources */ = {isa = PBXBuildFile; fileRef = CE9034F5281FEAE1001C4674 /* UserDetailsViewController.swift */; };
		CE903503281FEAE2001C4674 /* UserPhotoCellData.swift in Sources */ = {isa = PBXBuildFile; fileRef = CE9034F7281FEAE1001C4674 /* UserPhotoCellData.swift */; };
		CE903504281FEAE2001C4674 /* UserPhotoTableViewCell.swift in Sources */ = {isa = PBXBuildFile; fileRef = CE9034F8281FEAE1001C4674 /* UserPhotoTableViewCell.swift */; };
		CE903505281FEAE2001C4674 /* UserPhotosTableDirector.swift in Sources */ = {isa = PBXBuildFile; fileRef = CE9034F9281FEAE1001C4674 /* UserPhotosTableDirector.swift */; };
		CE903506281FEAE2001C4674 /* UserCollectionCellData.swift in Sources */ = {isa = PBXBuildFile; fileRef = CE9034FB281FEAE1001C4674 /* UserCollectionCellData.swift */; };
		CE903507281FEAE2001C4674 /* UserCollectionsTableDirector.swift in Sources */ = {isa = PBXBuildFile; fileRef = CE9034FC281FEAE1001C4674 /* UserCollectionsTableDirector.swift */; };
		CE903508281FEAE2001C4674 /* UserCollectionTableViewCell.swift in Sources */ = {isa = PBXBuildFile; fileRef = CE9034FD281FEAE1001C4674 /* UserCollectionTableViewCell.swift */; };
		CE90350A281FEB25001C4674 /* UserProfileWrapper.swift in Sources */ = {isa = PBXBuildFile; fileRef = CE903509281FEB25001C4674 /* UserProfileWrapper.swift */; };
		CE90350C281FEB2D001C4674 /* UserCollectionWrapper.swift in Sources */ = {isa = PBXBuildFile; fileRef = CE90350B281FEB2D001C4674 /* UserCollectionWrapper.swift */; };
		CEB77D572817037C005C5E7A /* AppDelegate.swift in Sources */ = {isa = PBXBuildFile; fileRef = CEB77D562817037C005C5E7A /* AppDelegate.swift */; };
		CEB77D592817037C005C5E7A /* SceneDelegate.swift in Sources */ = {isa = PBXBuildFile; fileRef = CEB77D582817037C005C5E7A /* SceneDelegate.swift */; };
		CEB77D5B2817037C005C5E7A /* TopicPage.swift in Sources */ = {isa = PBXBuildFile; fileRef = CEB77D5A2817037C005C5E7A /* TopicPage.swift */; };
		CEB77D6028170380005C5E7A /* Assets.xcassets in Resources */ = {isa = PBXBuildFile; fileRef = CEB77D5F28170380005C5E7A /* Assets.xcassets */; };
		CEB77D6328170380005C5E7A /* LaunchScreen.storyboard in Resources */ = {isa = PBXBuildFile; fileRef = CEB77D6128170380005C5E7A /* LaunchScreen.storyboard */; };
		CEB77D6B281703CE005C5E7A /* Main.storyboard in Resources */ = {isa = PBXBuildFile; fileRef = CEB77D6A281703CE005C5E7A /* Main.storyboard */; };
		CEB77D6F281704DE005C5E7A /* PostViewController.swift in Sources */ = {isa = PBXBuildFile; fileRef = CEB77D6E281704DE005C5E7A /* PostViewController.swift */; };
		CEB77D71281704ED005C5E7A /* ProfileViewController.swift in Sources */ = {isa = PBXBuildFile; fileRef = CEB77D70281704ED005C5E7A /* ProfileViewController.swift */; };
		CEB77D78281714BE005C5E7A /* PhotoWrapper.swift in Sources */ = {isa = PBXBuildFile; fileRef = CEB77D77281714BE005C5E7A /* PhotoWrapper.swift */; };
		CEB77D7B28172166005C5E7A /* TopicBar.swift in Sources */ = {isa = PBXBuildFile; fileRef = CEB77D7A28172166005C5E7A /* TopicBar.swift */; };
		CEB77D7F2817286C005C5E7A /* TopicCell.swift in Sources */ = {isa = PBXBuildFile; fileRef = CEB77D7E2817286C005C5E7A /* TopicCell.swift */; };
		CEB77D81281748D7005C5E7A /* PhotosService.swift in Sources */ = {isa = PBXBuildFile; fileRef = CEB77D80281748D7005C5E7A /* PhotosService.swift */; };
		CEB77D8328174C06005C5E7A /* Endpoint.swift in Sources */ = {isa = PBXBuildFile; fileRef = CEB77D8228174C06005C5E7A /* Endpoint.swift */; };
		CEB77D8628174D90005C5E7A /* HomeViewModel.swift in Sources */ = {isa = PBXBuildFile; fileRef = CEB77D8528174D90005C5E7A /* HomeViewModel.swift */; };
		CEB77D88281750D5005C5E7A /* TopicWrapper.swift in Sources */ = {isa = PBXBuildFile; fileRef = CEB77D87281750D5005C5E7A /* TopicWrapper.swift */; };
		CEB77D8B28177B2A005C5E7A /* Topic.swift in Sources */ = {isa = PBXBuildFile; fileRef = CEB77D8A28177B2A005C5E7A /* Topic.swift */; };
		CEB77D8D28177BD3005C5E7A /* Photo.swift in Sources */ = {isa = PBXBuildFile; fileRef = CEB77D8C28177BD3005C5E7A /* Photo.swift */; };
		CEB77D8F28177E0A005C5E7A /* User.swift in Sources */ = {isa = PBXBuildFile; fileRef = CEB77D8E28177E0A005C5E7A /* User.swift */; };
		CEB77D93281791E8005C5E7A /* CollectionDirector.swift in Sources */ = {isa = PBXBuildFile; fileRef = CEB77D92281791E8005C5E7A /* CollectionDirector.swift */; };
		CEB77D99281793DF005C5E7A /* DetailPage.swift in Sources */ = {isa = PBXBuildFile; fileRef = CEB77D98281793DF005C5E7A /* DetailPage.swift */; };
		CEB77D9F281794AE005C5E7A /* HomePhotoCell.swift in Sources */ = {isa = PBXBuildFile; fileRef = CEB77D9E281794AE005C5E7A /* HomePhotoCell.swift */; };
/* End PBXBuildFile section */

/* Begin PBXFileReference section */
		1FDB12AF3AEDA8A2C16DF8B3 /* Pods-UnsplashPremium.debug.xcconfig */ = {isa = PBXFileReference; includeInIndex = 1; lastKnownFileType = text.xcconfig; name = "Pods-UnsplashPremium.debug.xcconfig"; path = "Target Support Files/Pods-UnsplashPremium/Pods-UnsplashPremium.debug.xcconfig"; sourceTree = "<group>"; };
		207EEA8928199A2E00A074EC /* SearchResultViewController.swift */ = {isa = PBXFileReference; lastKnownFileType = sourcecode.swift; path = SearchResultViewController.swift; sourceTree = "<group>"; };
		207EEA8C2819A7D200A074EC /* UsersTableDirector.swift */ = {isa = PBXFileReference; lastKnownFileType = sourcecode.swift; path = UsersTableDirector.swift; sourceTree = "<group>"; };
		207EEA8F2819AD0800A074EC /* UserTableViewCell.swift */ = {isa = PBXFileReference; lastKnownFileType = sourcecode.swift; path = UserTableViewCell.swift; sourceTree = "<group>"; };
		207EEA912819AF2400A074EC /* ConfigurableCell.swift */ = {isa = PBXFileReference; lastKnownFileType = sourcecode.swift; path = ConfigurableCell.swift; sourceTree = "<group>"; };
		207EEA942819AF5900A074EC /* CellConfigurator.swift */ = {isa = PBXFileReference; lastKnownFileType = sourcecode.swift; path = CellConfigurator.swift; sourceTree = "<group>"; };
		207EEA962819B7AF00A074EC /* UsersService.swift */ = {isa = PBXFileReference; lastKnownFileType = sourcecode.swift; path = UsersService.swift; sourceTree = "<group>"; };
		207EEA982819B9CF00A074EC /* UsersWrapper.swift */ = {isa = PBXFileReference; lastKnownFileType = sourcecode.swift; path = UsersWrapper.swift; sourceTree = "<group>"; };
		207EEA9B2819BB5F00A074EC /* SearchResultViewModel.swift */ = {isa = PBXFileReference; lastKnownFileType = sourcecode.swift; path = SearchResultViewModel.swift; sourceTree = "<group>"; };
		207EEA9D2819C29A00A074EC /* UserCellData.swift */ = {isa = PBXFileReference; lastKnownFileType = sourcecode.swift; path = UserCellData.swift; sourceTree = "<group>"; };
		25A9D4C0E6C5F721ABFDBFE0 /* Pods-UnsplashPremium.release.xcconfig */ = {isa = PBXFileReference; includeInIndex = 1; lastKnownFileType = text.xcconfig; name = "Pods-UnsplashPremium.release.xcconfig"; path = "Target Support Files/Pods-UnsplashPremium/Pods-UnsplashPremium.release.xcconfig"; sourceTree = "<group>"; };
		9DEADE85FD6602BC3154196E /* Pods_UnsplashPremium.framework */ = {isa = PBXFileReference; explicitFileType = wrapper.framework; includeInIndex = 0; path = Pods_UnsplashPremium.framework; sourceTree = BUILT_PRODUCTS_DIR; };
		CE66F39D2817E6BF00860EA2 /* Gradient View.swift */ = {isa = PBXFileReference; lastKnownFileType = sourcecode.swift; path = "Gradient View.swift"; sourceTree = "<group>"; };
		CE9034CC281E8872001C4674 /* PageViewController.swift */ = {isa = PBXFileReference; lastKnownFileType = sourcecode.swift; path = PageViewController.swift; sourceTree = "<group>"; };
		CE9034CE281E90BD001C4674 /* EditorialPage.swift */ = {isa = PBXFileReference; lastKnownFileType = sourcecode.swift; path = EditorialPage.swift; sourceTree = "<group>"; };
		CE9034D0281F80C7001C4674 /* CollectionAction.swift */ = {isa = PBXFileReference; lastKnownFileType = sourcecode.swift; path = CollectionAction.swift; sourceTree = "<group>"; };
		CE9034D2281F80D3001C4674 /* CollectionActionProxy.swift */ = {isa = PBXFileReference; lastKnownFileType = sourcecode.swift; path = CollectionActionProxy.swift; sourceTree = "<group>"; };
		CE9034DA281F8358001C4674 /* CollectionCellConfigurator.swift */ = {isa = PBXFileReference; lastKnownFileType = sourcecode.swift; path = CollectionCellConfigurator.swift; sourceTree = "<group>"; };
		CE9034DD281FDB07001C4674 /* PhotoDetail.swift */ = {isa = PBXFileReference; lastKnownFileType = sourcecode.swift; path = PhotoDetail.swift; sourceTree = "<group>"; };
		CE9034DF281FDB60001C4674 /* Size.swift */ = {isa = PBXFileReference; lastKnownFileType = sourcecode.swift; path = Size.swift; sourceTree = "<group>"; };
		CE9034E3281FE9C2001C4674 /* UserCellSelectedListener.swift */ = {isa = PBXFileReference; fileEncoding = 4; lastKnownFileType = sourcecode.swift; path = UserCellSelectedListener.swift; sourceTree = "<group>"; };
		CE9034F1281FEAE1001C4674 /* UserLikeCellData.swift */ = {isa = PBXFileReference; fileEncoding = 4; lastKnownFileType = sourcecode.swift; path = UserLikeCellData.swift; sourceTree = "<group>"; };
		CE9034F2281FEAE1001C4674 /* UserLikeTableViewCell.swift */ = {isa = PBXFileReference; fileEncoding = 4; lastKnownFileType = sourcecode.swift; path = UserLikeTableViewCell.swift; sourceTree = "<group>"; };
		CE9034F3281FEAE1001C4674 /* UserLikesTableDirector.swift */ = {isa = PBXFileReference; fileEncoding = 4; lastKnownFileType = sourcecode.swift; path = UserLikesTableDirector.swift; sourceTree = "<group>"; };
		CE9034F4281FEAE1001C4674 /* UserDetailsViewModel.swift */ = {isa = PBXFileReference; fileEncoding = 4; lastKnownFileType = sourcecode.swift; path = UserDetailsViewModel.swift; sourceTree = "<group>"; };
		CE9034F5281FEAE1001C4674 /* UserDetailsViewController.swift */ = {isa = PBXFileReference; fileEncoding = 4; lastKnownFileType = sourcecode.swift; path = UserDetailsViewController.swift; sourceTree = "<group>"; };
		CE9034F7281FEAE1001C4674 /* UserPhotoCellData.swift */ = {isa = PBXFileReference; fileEncoding = 4; lastKnownFileType = sourcecode.swift; path = UserPhotoCellData.swift; sourceTree = "<group>"; };
		CE9034F8281FEAE1001C4674 /* UserPhotoTableViewCell.swift */ = {isa = PBXFileReference; fileEncoding = 4; lastKnownFileType = sourcecode.swift; path = UserPhotoTableViewCell.swift; sourceTree = "<group>"; };
		CE9034F9281FEAE1001C4674 /* UserPhotosTableDirector.swift */ = {isa = PBXFileReference; fileEncoding = 4; lastKnownFileType = sourcecode.swift; path = UserPhotosTableDirector.swift; sourceTree = "<group>"; };
		CE9034FB281FEAE1001C4674 /* UserCollectionCellData.swift */ = {isa = PBXFileReference; fileEncoding = 4; lastKnownFileType = sourcecode.swift; path = UserCollectionCellData.swift; sourceTree = "<group>"; };
		CE9034FC281FEAE1001C4674 /* UserCollectionsTableDirector.swift */ = {isa = PBXFileReference; fileEncoding = 4; lastKnownFileType = sourcecode.swift; path = UserCollectionsTableDirector.swift; sourceTree = "<group>"; };
		CE9034FD281FEAE1001C4674 /* UserCollectionTableViewCell.swift */ = {isa = PBXFileReference; fileEncoding = 4; lastKnownFileType = sourcecode.swift; path = UserCollectionTableViewCell.swift; sourceTree = "<group>"; };
		CE903509281FEB25001C4674 /* UserProfileWrapper.swift */ = {isa = PBXFileReference; fileEncoding = 4; lastKnownFileType = sourcecode.swift; path = UserProfileWrapper.swift; sourceTree = "<group>"; };
		CE90350B281FEB2D001C4674 /* UserCollectionWrapper.swift */ = {isa = PBXFileReference; fileEncoding = 4; lastKnownFileType = sourcecode.swift; path = UserCollectionWrapper.swift; sourceTree = "<group>"; };
		CEB77D532817037C005C5E7A /* UnsplashPremium.app */ = {isa = PBXFileReference; explicitFileType = wrapper.application; includeInIndex = 0; path = UnsplashPremium.app; sourceTree = BUILT_PRODUCTS_DIR; };
		CEB77D562817037C005C5E7A /* AppDelegate.swift */ = {isa = PBXFileReference; lastKnownFileType = sourcecode.swift; path = AppDelegate.swift; sourceTree = "<group>"; };
		CEB77D582817037C005C5E7A /* SceneDelegate.swift */ = {isa = PBXFileReference; lastKnownFileType = sourcecode.swift; path = SceneDelegate.swift; sourceTree = "<group>"; };
		CEB77D5A2817037C005C5E7A /* TopicPage.swift */ = {isa = PBXFileReference; lastKnownFileType = sourcecode.swift; path = TopicPage.swift; sourceTree = "<group>"; };
		CEB77D5F28170380005C5E7A /* Assets.xcassets */ = {isa = PBXFileReference; lastKnownFileType = folder.assetcatalog; path = Assets.xcassets; sourceTree = "<group>"; };
		CEB77D6228170380005C5E7A /* Base */ = {isa = PBXFileReference; lastKnownFileType = file.storyboard; name = Base; path = Base.lproj/LaunchScreen.storyboard; sourceTree = "<group>"; };
		CEB77D6428170380005C5E7A /* Info.plist */ = {isa = PBXFileReference; lastKnownFileType = text.plist.xml; path = Info.plist; sourceTree = "<group>"; };
		CEB77D6A281703CE005C5E7A /* Main.storyboard */ = {isa = PBXFileReference; fileEncoding = 4; lastKnownFileType = file.storyboard; path = Main.storyboard; sourceTree = "<group>"; };
		CEB77D6E281704DE005C5E7A /* PostViewController.swift */ = {isa = PBXFileReference; lastKnownFileType = sourcecode.swift; path = PostViewController.swift; sourceTree = "<group>"; };
		CEB77D70281704ED005C5E7A /* ProfileViewController.swift */ = {isa = PBXFileReference; lastKnownFileType = sourcecode.swift; path = ProfileViewController.swift; sourceTree = "<group>"; };
		CEB77D77281714BE005C5E7A /* PhotoWrapper.swift */ = {isa = PBXFileReference; lastKnownFileType = sourcecode.swift; path = PhotoWrapper.swift; sourceTree = "<group>"; };
		CEB77D7A28172166005C5E7A /* TopicBar.swift */ = {isa = PBXFileReference; lastKnownFileType = sourcecode.swift; path = TopicBar.swift; sourceTree = "<group>"; };
		CEB77D7E2817286C005C5E7A /* TopicCell.swift */ = {isa = PBXFileReference; lastKnownFileType = sourcecode.swift; path = TopicCell.swift; sourceTree = "<group>"; };
		CEB77D80281748D7005C5E7A /* PhotosService.swift */ = {isa = PBXFileReference; lastKnownFileType = sourcecode.swift; path = PhotosService.swift; sourceTree = "<group>"; };
		CEB77D8228174C06005C5E7A /* Endpoint.swift */ = {isa = PBXFileReference; lastKnownFileType = sourcecode.swift; path = Endpoint.swift; sourceTree = "<group>"; };
		CEB77D8528174D90005C5E7A /* HomeViewModel.swift */ = {isa = PBXFileReference; lastKnownFileType = sourcecode.swift; path = HomeViewModel.swift; sourceTree = "<group>"; };
		CEB77D87281750D5005C5E7A /* TopicWrapper.swift */ = {isa = PBXFileReference; lastKnownFileType = sourcecode.swift; path = TopicWrapper.swift; sourceTree = "<group>"; };
		CEB77D8A28177B2A005C5E7A /* Topic.swift */ = {isa = PBXFileReference; lastKnownFileType = sourcecode.swift; path = Topic.swift; sourceTree = "<group>"; };
		CEB77D8C28177BD3005C5E7A /* Photo.swift */ = {isa = PBXFileReference; lastKnownFileType = sourcecode.swift; path = Photo.swift; sourceTree = "<group>"; };
		CEB77D8E28177E0A005C5E7A /* User.swift */ = {isa = PBXFileReference; lastKnownFileType = sourcecode.swift; path = User.swift; sourceTree = "<group>"; };
		CEB77D92281791E8005C5E7A /* CollectionDirector.swift */ = {isa = PBXFileReference; lastKnownFileType = sourcecode.swift; path = CollectionDirector.swift; sourceTree = "<group>"; };
		CEB77D98281793DF005C5E7A /* DetailPage.swift */ = {isa = PBXFileReference; lastKnownFileType = sourcecode.swift; path = DetailPage.swift; sourceTree = "<group>"; };
		CEB77D9E281794AE005C5E7A /* HomePhotoCell.swift */ = {isa = PBXFileReference; lastKnownFileType = sourcecode.swift; path = HomePhotoCell.swift; sourceTree = "<group>"; };
/* End PBXFileReference section */

/* Begin PBXFrameworksBuildPhase section */
		CEB77D502817037C005C5E7A /* Frameworks */ = {
			isa = PBXFrameworksBuildPhase;
			buildActionMask = 2147483647;
			files = (
				CC59F18BB97C48FFED712AF6 /* Pods_UnsplashPremium.framework in Frameworks */,
			);
			runOnlyForDeploymentPostprocessing = 0;
		};
/* End PBXFrameworksBuildPhase section */

/* Begin PBXGroup section */
		0FA32FB4EBD4FF0378753B8F /* Pods */ = {
			isa = PBXGroup;
			children = (
				1FDB12AF3AEDA8A2C16DF8B3 /* Pods-UnsplashPremium.debug.xcconfig */,
				25A9D4C0E6C5F721ABFDBFE0 /* Pods-UnsplashPremium.release.xcconfig */,
			);
			path = Pods;
			sourceTree = "<group>";
		};
		207EEA8B28199A3600A074EC /* Search Result Page */ = {
			isa = PBXGroup;
			children = (
				207EEA8928199A2E00A074EC /* SearchResultViewController.swift */,
				207EEA9B2819BB5F00A074EC /* SearchResultViewModel.swift */,
				207EEA8E2819A96800A074EC /* Users */,
				CE9034EF281FEAE1001C4674 /* User Details Page */,
			);
			path = "Search Result Page";
			sourceTree = "<group>";
		};
		207EEA8E2819A96800A074EC /* Users */ = {
			isa = PBXGroup;
			children = (
				207EEA8C2819A7D200A074EC /* UsersTableDirector.swift */,
				207EEA8F2819AD0800A074EC /* UserTableViewCell.swift */,
				207EEA9D2819C29A00A074EC /* UserCellData.swift */,
				CE9034E3281FE9C2001C4674 /* UserCellSelectedListener.swift */,
			);
			path = Users;
			sourceTree = "<group>";
		};
		207EEA932819AF3B00A074EC /* Common */ = {
			isa = PBXGroup;
			children = (
				207EEA912819AF2400A074EC /* ConfigurableCell.swift */,
				207EEA942819AF5900A074EC /* CellConfigurator.swift */,
			);
			path = Common;
			sourceTree = "<group>";
		};
		207EEA9A2819B9D700A074EC /* Model */ = {
			isa = PBXGroup;
			children = (
				CEB77D77281714BE005C5E7A /* PhotoWrapper.swift */,
				CEB77D87281750D5005C5E7A /* TopicWrapper.swift */,
				207EEA982819B9CF00A074EC /* UsersWrapper.swift */,
				CE903509281FEB25001C4674 /* UserProfileWrapper.swift */,
				CE90350B281FEB2D001C4674 /* UserCollectionWrapper.swift */,
			);
			path = Model;
			sourceTree = "<group>";
		};
		6CD777F1BDF3C2A3D109B7D6 /* Frameworks */ = {
			isa = PBXGroup;
			children = (
				9DEADE85FD6602BC3154196E /* Pods_UnsplashPremium.framework */,
			);
			name = Frameworks;
			sourceTree = "<group>";
		};
		CE9034D4281F82F8001C4674 /* Collection Director */ = {
			isa = PBXGroup;
			children = (
				CEB77D92281791E8005C5E7A /* CollectionDirector.swift */,
				CE9034D0281F80C7001C4674 /* CollectionAction.swift */,
				CE9034D2281F80D3001C4674 /* CollectionActionProxy.swift */,
				CE9034DA281F8358001C4674 /* CollectionCellConfigurator.swift */,
			);
			path = "Collection Director";
			sourceTree = "<group>";
		};
		CE9034DC281FD0F6001C4674 /* Pages */ = {
			isa = PBXGroup;
			children = (
				CE9034CE281E90BD001C4674 /* EditorialPage.swift */,
				CEB77D5A2817037C005C5E7A /* TopicPage.swift */,
				CEB77D98281793DF005C5E7A /* DetailPage.swift */,
			);
			path = Pages;
			sourceTree = "<group>";
		};
		CE9034EF281FEAE1001C4674 /* User Details Page */ = {
			isa = PBXGroup;
			children = (
				CE9034F0281FEAE1001C4674 /* User Likes */,
				CE9034F4281FEAE1001C4674 /* UserDetailsViewModel.swift */,
				CE9034F5281FEAE1001C4674 /* UserDetailsViewController.swift */,
				CE9034F6281FEAE1001C4674 /* User Photos */,
				CE9034FA281FEAE1001C4674 /* User Collections */,
			);
			path = "User Details Page";
			sourceTree = "<group>";
		};
		CE9034F0281FEAE1001C4674 /* User Likes */ = {
			isa = PBXGroup;
			children = (
				CE9034F1281FEAE1001C4674 /* UserLikeCellData.swift */,
				CE9034F2281FEAE1001C4674 /* UserLikeTableViewCell.swift */,
				CE9034F3281FEAE1001C4674 /* UserLikesTableDirector.swift */,
			);
			path = "User Likes";
			sourceTree = "<group>";
		};
		CE9034F6281FEAE1001C4674 /* User Photos */ = {
			isa = PBXGroup;
			children = (
				CE9034F7281FEAE1001C4674 /* UserPhotoCellData.swift */,
				CE9034F8281FEAE1001C4674 /* UserPhotoTableViewCell.swift */,
				CE9034F9281FEAE1001C4674 /* UserPhotosTableDirector.swift */,
			);
			path = "User Photos";
			sourceTree = "<group>";
		};
		CE9034FA281FEAE1001C4674 /* User Collections */ = {
			isa = PBXGroup;
			children = (
				CE9034FB281FEAE1001C4674 /* UserCollectionCellData.swift */,
				CE9034FC281FEAE1001C4674 /* UserCollectionsTableDirector.swift */,
				CE9034FD281FEAE1001C4674 /* UserCollectionTableViewCell.swift */,
			);
			path = "User Collections";
			sourceTree = "<group>";
		};
		CE90350D282001B1001C4674 /* Cells */ = {
			isa = PBXGroup;
			children = (
				CEB77D7E2817286C005C5E7A /* TopicCell.swift */,
				CEB77D9E281794AE005C5E7A /* HomePhotoCell.swift */,
			);
			path = Cells;
			sourceTree = "<group>";
		};
		CE90350E282001BC001C4674 /* Views */ = {
			isa = PBXGroup;
			children = (
				CE66F39D2817E6BF00860EA2 /* Gradient View.swift */,
				CEB77D7A28172166005C5E7A /* TopicBar.swift */,
			);
			path = Views;
			sourceTree = "<group>";
		};
		CEB77D4A2817037B005C5E7A = {
			isa = PBXGroup;
			children = (
				CEB77D552817037C005C5E7A /* UnsplashPremium */,
				CEB77D542817037C005C5E7A /* Products */,
				0FA32FB4EBD4FF0378753B8F /* Pods */,
				6CD777F1BDF3C2A3D109B7D6 /* Frameworks */,
			);
			sourceTree = "<group>";
		};
		CEB77D542817037C005C5E7A /* Products */ = {
			isa = PBXGroup;
			children = (
				CEB77D532817037C005C5E7A /* UnsplashPremium.app */,
			);
			name = Products;
			sourceTree = "<group>";
		};
		CEB77D552817037C005C5E7A /* UnsplashPremium */ = {
			isa = PBXGroup;
			children = (
				CEB77D762817056A005C5E7A /* Core Layer */,
				CEB77D7528170537005C5E7A /* Service Layer */,
				CEB77D732817051D005C5E7A /* Application Layer */,
				CEB77D7428170527005C5E7A /* Presentation Layer */,
				CEB77D5F28170380005C5E7A /* Assets.xcassets */,
				CEB77D6A281703CE005C5E7A /* Main.storyboard */,
				CEB77D6128170380005C5E7A /* LaunchScreen.storyboard */,
				CEB77D6428170380005C5E7A /* Info.plist */,
			);
			path = UnsplashPremium;
			sourceTree = "<group>";
		};
		CEB77D7228170508005C5E7A /* ViewControllers */ = {
			isa = PBXGroup;
			children = (
				CE9034CC281E8872001C4674 /* PageViewController.swift */,
				CE9034DC281FD0F6001C4674 /* Pages */,
			);
			path = ViewControllers;
			sourceTree = "<group>";
		};
		CEB77D732817051D005C5E7A /* Application Layer */ = {
			isa = PBXGroup;
			children = (
				CEB77D562817037C005C5E7A /* AppDelegate.swift */,
				CEB77D582817037C005C5E7A /* SceneDelegate.swift */,
			);
			path = "Application Layer";
			sourceTree = "<group>";
		};
		CEB77D7428170527005C5E7A /* Presentation Layer */ = {
			isa = PBXGroup;
			children = (
				CEB77D942817931E005C5E7A /* Home Page */,
				CEB77D9628179334005C5E7A /* Post Page */,
				CEB77D972817933E005C5E7A /* Profile Page */,
				207EEA8B28199A3600A074EC /* Search Result Page */,
				207EEA932819AF3B00A074EC /* Common */,
			);
			path = "Presentation Layer";
			sourceTree = "<group>";
		};
		CEB77D7528170537005C5E7A /* Service Layer */ = {
			isa = PBXGroup;
			children = (
				CEB77D80281748D7005C5E7A /* PhotosService.swift */,
				207EEA962819B7AF00A074EC /* UsersService.swift */,
				207EEA9A2819B9D700A074EC /* Model */,
			);
			path = "Service Layer";
			sourceTree = "<group>";
		};
		CEB77D762817056A005C5E7A /* Core Layer */ = {
			isa = PBXGroup;
			children = (
				CEB77D8228174C06005C5E7A /* Endpoint.swift */,
			);
			path = "Core Layer";
			sourceTree = "<group>";
		};
		CEB77D7928172150005C5E7A /* Views */ = {
			isa = PBXGroup;
			children = (
				CE90350D282001B1001C4674 /* Cells */,
				CE90350E282001BC001C4674 /* Views */,
			);
			path = Views;
			sourceTree = "<group>";
		};
		CEB77D8428174D76005C5E7A /* ViewModels */ = {
			isa = PBXGroup;
			children = (
				CEB77D8528174D90005C5E7A /* HomeViewModel.swift */,
			);
			path = ViewModels;
			sourceTree = "<group>";
		};
		CEB77D8928177B13005C5E7A /* Models */ = {
			isa = PBXGroup;
			children = (
				CEB77D8A28177B2A005C5E7A /* Topic.swift */,
				CEB77D8C28177BD3005C5E7A /* Photo.swift */,
				CE9034DD281FDB07001C4674 /* PhotoDetail.swift */,
				CE9034DF281FDB60001C4674 /* Size.swift */,
				CEB77D8E28177E0A005C5E7A /* User.swift */,
			);
			path = Models;
			sourceTree = "<group>";
		};
		CEB77D942817931E005C5E7A /* Home Page */ = {
			isa = PBXGroup;
			children = (
				CEB77D7228170508005C5E7A /* ViewControllers */,
				CEB77D8428174D76005C5E7A /* ViewModels */,
				CEB77D8928177B13005C5E7A /* Models */,
				CEB77D7928172150005C5E7A /* Views */,
				CE9034D4281F82F8001C4674 /* Collection Director */,
			);
			path = "Home Page";
			sourceTree = "<group>";
		};
		CEB77D9628179334005C5E7A /* Post Page */ = {
			isa = PBXGroup;
			children = (
				CEB77D6E281704DE005C5E7A /* PostViewController.swift */,
			);
			path = "Post Page";
			sourceTree = "<group>";
		};
		CEB77D972817933E005C5E7A /* Profile Page */ = {
			isa = PBXGroup;
			children = (
				CEB77D70281704ED005C5E7A /* ProfileViewController.swift */,
			);
			path = "Profile Page";
			sourceTree = "<group>";
		};
/* End PBXGroup section */

/* Begin PBXNativeTarget section */
		CEB77D522817037C005C5E7A /* UnsplashPremium */ = {
			isa = PBXNativeTarget;
			buildConfigurationList = CEB77D6728170380005C5E7A /* Build configuration list for PBXNativeTarget "UnsplashPremium" */;
			buildPhases = (
				D32CACE1F9078DB46A58E696 /* [CP] Check Pods Manifest.lock */,
				CEB77D4F2817037C005C5E7A /* Sources */,
				CEB77D502817037C005C5E7A /* Frameworks */,
				CEB77D512817037C005C5E7A /* Resources */,
				9CC733EEFE6A856132087BDA /* [CP] Embed Pods Frameworks */,
			);
			buildRules = (
			);
			dependencies = (
			);
			name = UnsplashPremium;
			productName = UnsplashPremium;
			productReference = CEB77D532817037C005C5E7A /* UnsplashPremium.app */;
			productType = "com.apple.product-type.application";
		};
/* End PBXNativeTarget section */

/* Begin PBXProject section */
		CEB77D4B2817037B005C5E7A /* Project object */ = {
			isa = PBXProject;
			attributes = {
				BuildIndependentTargetsInParallel = 1;
				LastSwiftUpdateCheck = 1320;
				LastUpgradeCheck = 1320;
				TargetAttributes = {
					CEB77D522817037C005C5E7A = {
						CreatedOnToolsVersion = 13.2.1;
					};
				};
			};
			buildConfigurationList = CEB77D4E2817037B005C5E7A /* Build configuration list for PBXProject "UnsplashPremium" */;
			compatibilityVersion = "Xcode 13.0";
			developmentRegion = en;
			hasScannedForEncodings = 0;
			knownRegions = (
				en,
				Base,
			);
			mainGroup = CEB77D4A2817037B005C5E7A;
			productRefGroup = CEB77D542817037C005C5E7A /* Products */;
			projectDirPath = "";
			projectRoot = "";
			targets = (
				CEB77D522817037C005C5E7A /* UnsplashPremium */,
			);
		};
/* End PBXProject section */

/* Begin PBXResourcesBuildPhase section */
		CEB77D512817037C005C5E7A /* Resources */ = {
			isa = PBXResourcesBuildPhase;
			buildActionMask = 2147483647;
			files = (
				CEB77D6B281703CE005C5E7A /* Main.storyboard in Resources */,
				CEB77D6328170380005C5E7A /* LaunchScreen.storyboard in Resources */,
				CEB77D6028170380005C5E7A /* Assets.xcassets in Resources */,
			);
			runOnlyForDeploymentPostprocessing = 0;
		};
/* End PBXResourcesBuildPhase section */

/* Begin PBXShellScriptBuildPhase section */
		9CC733EEFE6A856132087BDA /* [CP] Embed Pods Frameworks */ = {
			isa = PBXShellScriptBuildPhase;
			buildActionMask = 2147483647;
			files = (
			);
			inputFileListPaths = (
				"${PODS_ROOT}/Target Support Files/Pods-UnsplashPremium/Pods-UnsplashPremium-frameworks-${CONFIGURATION}-input-files.xcfilelist",
			);
			name = "[CP] Embed Pods Frameworks";
			outputFileListPaths = (
				"${PODS_ROOT}/Target Support Files/Pods-UnsplashPremium/Pods-UnsplashPremium-frameworks-${CONFIGURATION}-output-files.xcfilelist",
			);
			runOnlyForDeploymentPostprocessing = 0;
			shellPath = /bin/sh;
			shellScript = "\"${PODS_ROOT}/Target Support Files/Pods-UnsplashPremium/Pods-UnsplashPremium-frameworks.sh\"\n";
			showEnvVarsInLog = 0;
		};
		D32CACE1F9078DB46A58E696 /* [CP] Check Pods Manifest.lock */ = {
			isa = PBXShellScriptBuildPhase;
			buildActionMask = 2147483647;
			files = (
			);
			inputFileListPaths = (
			);
			inputPaths = (
				"${PODS_PODFILE_DIR_PATH}/Podfile.lock",
				"${PODS_ROOT}/Manifest.lock",
			);
			name = "[CP] Check Pods Manifest.lock";
			outputFileListPaths = (
			);
			outputPaths = (
				"$(DERIVED_FILE_DIR)/Pods-UnsplashPremium-checkManifestLockResult.txt",
			);
			runOnlyForDeploymentPostprocessing = 0;
			shellPath = /bin/sh;
			shellScript = "diff \"${PODS_PODFILE_DIR_PATH}/Podfile.lock\" \"${PODS_ROOT}/Manifest.lock\" > /dev/null\nif [ $? != 0 ] ; then\n    # print error to STDERR\n    echo \"error: The sandbox is not in sync with the Podfile.lock. Run 'pod install' or update your CocoaPods installation.\" >&2\n    exit 1\nfi\n# This output is used by Xcode 'outputs' to avoid re-running this script phase.\necho \"SUCCESS\" > \"${SCRIPT_OUTPUT_FILE_0}\"\n";
			showEnvVarsInLog = 0;
		};
/* End PBXShellScriptBuildPhase section */

/* Begin PBXSourcesBuildPhase section */
		CEB77D4F2817037C005C5E7A /* Sources */ = {
			isa = PBXSourcesBuildPhase;
			buildActionMask = 2147483647;
			files = (
				CEB77D9F281794AE005C5E7A /* HomePhotoCell.swift in Sources */,
				CE9034E0281FDB60001C4674 /* Size.swift in Sources */,
				207EEA992819B9CF00A074EC /* UsersWrapper.swift in Sources */,
				CE9034E4281FE9C2001C4674 /* UserCellSelectedListener.swift in Sources */,
				CE90350A281FEB25001C4674 /* UserProfileWrapper.swift in Sources */,
				CE903505281FEAE2001C4674 /* UserPhotosTableDirector.swift in Sources */,
				207EEA902819AD0800A074EC /* UserTableViewCell.swift in Sources */,
				207EEA972819B7AF00A074EC /* UsersService.swift in Sources */,
				CE903501281FEAE2001C4674 /* UserDetailsViewModel.swift in Sources */,
				207EEA8A28199A2E00A074EC /* SearchResultViewController.swift in Sources */,
				CEB77D81281748D7005C5E7A /* PhotosService.swift in Sources */,
				CE903500281FEAE2001C4674 /* UserLikesTableDirector.swift in Sources */,
				CEB77D99281793DF005C5E7A /* DetailPage.swift in Sources */,
				CE9034FF281FEAE2001C4674 /* UserLikeTableViewCell.swift in Sources */,
				CE903506281FEAE2001C4674 /* UserCollectionCellData.swift in Sources */,
				207EEA9C2819BB5F00A074EC /* SearchResultViewModel.swift in Sources */,
				CE9034CF281E90BD001C4674 /* EditorialPage.swift in Sources */,
				CEB77D71281704ED005C5E7A /* ProfileViewController.swift in Sources */,
				CE903508281FEAE2001C4674 /* UserCollectionTableViewCell.swift in Sources */,
				CEB77D88281750D5005C5E7A /* TopicWrapper.swift in Sources */,
				CE90350C281FEB2D001C4674 /* UserCollectionWrapper.swift in Sources */,
				207EEA9E2819C29A00A074EC /* UserCellData.swift in Sources */,
				CE9034DB281F8358001C4674 /* CollectionCellConfigurator.swift in Sources */,
				CEB77D5B2817037C005C5E7A /* TopicPage.swift in Sources */,
				CEB77D8F28177E0A005C5E7A /* User.swift in Sources */,
				CE9034FE281FEAE2001C4674 /* UserLikeCellData.swift in Sources */,
				CE9034CD281E8872001C4674 /* PageViewController.swift in Sources */,
				CEB77D7F2817286C005C5E7A /* TopicCell.swift in Sources */,
				CEB77D7B28172166005C5E7A /* TopicBar.swift in Sources */,
				CEB77D572817037C005C5E7A /* AppDelegate.swift in Sources */,
				207EEA952819AF5900A074EC /* CellConfigurator.swift in Sources */,
				CEB77D93281791E8005C5E7A /* CollectionDirector.swift in Sources */,
				CE903502281FEAE2001C4674 /* UserDetailsViewController.swift in Sources */,
				CE9034D3281F80D3001C4674 /* CollectionActionProxy.swift in Sources */,
				207EEA8D2819A7D200A074EC /* UsersTableDirector.swift in Sources */,
				CEB77D8628174D90005C5E7A /* HomeViewModel.swift in Sources */,
				CEB77D8D28177BD3005C5E7A /* Photo.swift in Sources */,
				207EEA922819AF2400A074EC /* ConfigurableCell.swift in Sources */,
				CE903503281FEAE2001C4674 /* UserPhotoCellData.swift in Sources */,
				CEB77D592817037C005C5E7A /* SceneDelegate.swift in Sources */,
				CEB77D78281714BE005C5E7A /* PhotoWrapper.swift in Sources */,
				CE9034D1281F80C7001C4674 /* CollectionAction.swift in Sources */,
				CEB77D8328174C06005C5E7A /* Endpoint.swift in Sources */,
				CE903504281FEAE2001C4674 /* UserPhotoTableViewCell.swift in Sources */,
				CE903507281FEAE2001C4674 /* UserCollectionsTableDirector.swift in Sources */,
				CE66F39E2817E6BF00860EA2 /* Gradient View.swift in Sources */,
				CE9034DE281FDB07001C4674 /* PhotoDetail.swift in Sources */,
				CEB77D6F281704DE005C5E7A /* PostViewController.swift in Sources */,
				CEB77D8B28177B2A005C5E7A /* Topic.swift in Sources */,
			);
			runOnlyForDeploymentPostprocessing = 0;
		};
/* End PBXSourcesBuildPhase section */

/* Begin PBXVariantGroup section */
		CEB77D6128170380005C5E7A /* LaunchScreen.storyboard */ = {
			isa = PBXVariantGroup;
			children = (
				CEB77D6228170380005C5E7A /* Base */,
			);
			name = LaunchScreen.storyboard;
			sourceTree = "<group>";
		};
/* End PBXVariantGroup section */

/* Begin XCBuildConfiguration section */
		CEB77D6528170380005C5E7A /* Debug */ = {
			isa = XCBuildConfiguration;
			buildSettings = {
				ALWAYS_SEARCH_USER_PATHS = NO;
				CLANG_ANALYZER_NONNULL = YES;
				CLANG_ANALYZER_NUMBER_OBJECT_CONVERSION = YES_AGGRESSIVE;
				CLANG_CXX_LANGUAGE_STANDARD = "gnu++17";
				CLANG_CXX_LIBRARY = "libc++";
				CLANG_ENABLE_MODULES = YES;
				CLANG_ENABLE_OBJC_ARC = YES;
				CLANG_ENABLE_OBJC_WEAK = YES;
				CLANG_WARN_BLOCK_CAPTURE_AUTORELEASING = YES;
				CLANG_WARN_BOOL_CONVERSION = YES;
				CLANG_WARN_COMMA = YES;
				CLANG_WARN_CONSTANT_CONVERSION = YES;
				CLANG_WARN_DEPRECATED_OBJC_IMPLEMENTATIONS = YES;
				CLANG_WARN_DIRECT_OBJC_ISA_USAGE = YES_ERROR;
				CLANG_WARN_DOCUMENTATION_COMMENTS = YES;
				CLANG_WARN_EMPTY_BODY = YES;
				CLANG_WARN_ENUM_CONVERSION = YES;
				CLANG_WARN_INFINITE_RECURSION = YES;
				CLANG_WARN_INT_CONVERSION = YES;
				CLANG_WARN_NON_LITERAL_NULL_CONVERSION = YES;
				CLANG_WARN_OBJC_IMPLICIT_RETAIN_SELF = YES;
				CLANG_WARN_OBJC_LITERAL_CONVERSION = YES;
				CLANG_WARN_OBJC_ROOT_CLASS = YES_ERROR;
				CLANG_WARN_QUOTED_INCLUDE_IN_FRAMEWORK_HEADER = YES;
				CLANG_WARN_RANGE_LOOP_ANALYSIS = YES;
				CLANG_WARN_STRICT_PROTOTYPES = YES;
				CLANG_WARN_SUSPICIOUS_MOVE = YES;
				CLANG_WARN_UNGUARDED_AVAILABILITY = YES_AGGRESSIVE;
				CLANG_WARN_UNREACHABLE_CODE = YES;
				CLANG_WARN__DUPLICATE_METHOD_MATCH = YES;
				COPY_PHASE_STRIP = NO;
				DEBUG_INFORMATION_FORMAT = dwarf;
				ENABLE_STRICT_OBJC_MSGSEND = YES;
				ENABLE_TESTABILITY = YES;
				GCC_C_LANGUAGE_STANDARD = gnu11;
				GCC_DYNAMIC_NO_PIC = NO;
				GCC_NO_COMMON_BLOCKS = YES;
				GCC_OPTIMIZATION_LEVEL = 0;
				GCC_PREPROCESSOR_DEFINITIONS = (
					"DEBUG=1",
					"$(inherited)",
				);
				GCC_WARN_64_TO_32_BIT_CONVERSION = YES;
				GCC_WARN_ABOUT_RETURN_TYPE = YES_ERROR;
				GCC_WARN_UNDECLARED_SELECTOR = YES;
				GCC_WARN_UNINITIALIZED_AUTOS = YES_AGGRESSIVE;
				GCC_WARN_UNUSED_FUNCTION = YES;
				GCC_WARN_UNUSED_VARIABLE = YES;
				IPHONEOS_DEPLOYMENT_TARGET = 15.2;
				MTL_ENABLE_DEBUG_INFO = INCLUDE_SOURCE;
				MTL_FAST_MATH = YES;
				ONLY_ACTIVE_ARCH = YES;
				SDKROOT = iphoneos;
				SWIFT_ACTIVE_COMPILATION_CONDITIONS = DEBUG;
				SWIFT_OPTIMIZATION_LEVEL = "-Onone";
			};
			name = Debug;
		};
		CEB77D6628170380005C5E7A /* Release */ = {
			isa = XCBuildConfiguration;
			buildSettings = {
				ALWAYS_SEARCH_USER_PATHS = NO;
				CLANG_ANALYZER_NONNULL = YES;
				CLANG_ANALYZER_NUMBER_OBJECT_CONVERSION = YES_AGGRESSIVE;
				CLANG_CXX_LANGUAGE_STANDARD = "gnu++17";
				CLANG_CXX_LIBRARY = "libc++";
				CLANG_ENABLE_MODULES = YES;
				CLANG_ENABLE_OBJC_ARC = YES;
				CLANG_ENABLE_OBJC_WEAK = YES;
				CLANG_WARN_BLOCK_CAPTURE_AUTORELEASING = YES;
				CLANG_WARN_BOOL_CONVERSION = YES;
				CLANG_WARN_COMMA = YES;
				CLANG_WARN_CONSTANT_CONVERSION = YES;
				CLANG_WARN_DEPRECATED_OBJC_IMPLEMENTATIONS = YES;
				CLANG_WARN_DIRECT_OBJC_ISA_USAGE = YES_ERROR;
				CLANG_WARN_DOCUMENTATION_COMMENTS = YES;
				CLANG_WARN_EMPTY_BODY = YES;
				CLANG_WARN_ENUM_CONVERSION = YES;
				CLANG_WARN_INFINITE_RECURSION = YES;
				CLANG_WARN_INT_CONVERSION = YES;
				CLANG_WARN_NON_LITERAL_NULL_CONVERSION = YES;
				CLANG_WARN_OBJC_IMPLICIT_RETAIN_SELF = YES;
				CLANG_WARN_OBJC_LITERAL_CONVERSION = YES;
				CLANG_WARN_OBJC_ROOT_CLASS = YES_ERROR;
				CLANG_WARN_QUOTED_INCLUDE_IN_FRAMEWORK_HEADER = YES;
				CLANG_WARN_RANGE_LOOP_ANALYSIS = YES;
				CLANG_WARN_STRICT_PROTOTYPES = YES;
				CLANG_WARN_SUSPICIOUS_MOVE = YES;
				CLANG_WARN_UNGUARDED_AVAILABILITY = YES_AGGRESSIVE;
				CLANG_WARN_UNREACHABLE_CODE = YES;
				CLANG_WARN__DUPLICATE_METHOD_MATCH = YES;
				COPY_PHASE_STRIP = NO;
				DEBUG_INFORMATION_FORMAT = "dwarf-with-dsym";
				ENABLE_NS_ASSERTIONS = NO;
				ENABLE_STRICT_OBJC_MSGSEND = YES;
				GCC_C_LANGUAGE_STANDARD = gnu11;
				GCC_NO_COMMON_BLOCKS = YES;
				GCC_WARN_64_TO_32_BIT_CONVERSION = YES;
				GCC_WARN_ABOUT_RETURN_TYPE = YES_ERROR;
				GCC_WARN_UNDECLARED_SELECTOR = YES;
				GCC_WARN_UNINITIALIZED_AUTOS = YES_AGGRESSIVE;
				GCC_WARN_UNUSED_FUNCTION = YES;
				GCC_WARN_UNUSED_VARIABLE = YES;
				IPHONEOS_DEPLOYMENT_TARGET = 15.2;
				MTL_ENABLE_DEBUG_INFO = NO;
				MTL_FAST_MATH = YES;
				SDKROOT = iphoneos;
				SWIFT_COMPILATION_MODE = wholemodule;
				SWIFT_OPTIMIZATION_LEVEL = "-O";
				VALIDATE_PRODUCT = YES;
			};
			name = Release;
		};
		CEB77D6828170380005C5E7A /* Debug */ = {
			isa = XCBuildConfiguration;
			baseConfigurationReference = 1FDB12AF3AEDA8A2C16DF8B3 /* Pods-UnsplashPremium.debug.xcconfig */;
			buildSettings = {
				ASSETCATALOG_COMPILER_APPICON_NAME = AppIcon;
				ASSETCATALOG_COMPILER_GLOBAL_ACCENT_COLOR_NAME = AccentColor;
				CODE_SIGN_STYLE = Automatic;
				CURRENT_PROJECT_VERSION = 1;
				DEVELOPMENT_TEAM = G66MG9QPB2;
				GENERATE_INFOPLIST_FILE = YES;
				INFOPLIST_FILE = UnsplashPremium/Info.plist;
				INFOPLIST_KEY_UIApplicationSupportsIndirectInputEvents = YES;
				INFOPLIST_KEY_UILaunchStoryboardName = LaunchScreen;
				INFOPLIST_KEY_UISupportedInterfaceOrientations_iPad = "UIInterfaceOrientationPortrait UIInterfaceOrientationPortraitUpsideDown UIInterfaceOrientationLandscapeLeft UIInterfaceOrientationLandscapeRight";
				INFOPLIST_KEY_UISupportedInterfaceOrientations_iPhone = "UIInterfaceOrientationPortrait UIInterfaceOrientationLandscapeLeft UIInterfaceOrientationLandscapeRight";
				LD_RUNPATH_SEARCH_PATHS = (
					"$(inherited)",
					"@executable_path/Frameworks",
				);
				MARKETING_VERSION = 1.0;
				PRODUCT_BUNDLE_IDENTIFIER = IDK.UnsplashPremium;
				PRODUCT_NAME = "$(TARGET_NAME)";
				SWIFT_EMIT_LOC_STRINGS = YES;
				SWIFT_VERSION = 5.0;
				TARGETED_DEVICE_FAMILY = "1,2";
			};
			name = Debug;
		};
		CEB77D6928170380005C5E7A /* Release */ = {
			isa = XCBuildConfiguration;
			baseConfigurationReference = 25A9D4C0E6C5F721ABFDBFE0 /* Pods-UnsplashPremium.release.xcconfig */;
			buildSettings = {
				ASSETCATALOG_COMPILER_APPICON_NAME = AppIcon;
				ASSETCATALOG_COMPILER_GLOBAL_ACCENT_COLOR_NAME = AccentColor;
				CODE_SIGN_STYLE = Automatic;
				CURRENT_PROJECT_VERSION = 1;
				DEVELOPMENT_TEAM = G66MG9QPB2;
				GENERATE_INFOPLIST_FILE = YES;
				INFOPLIST_FILE = UnsplashPremium/Info.plist;
				INFOPLIST_KEY_UIApplicationSupportsIndirectInputEvents = YES;
				INFOPLIST_KEY_UILaunchStoryboardName = LaunchScreen;
				INFOPLIST_KEY_UISupportedInterfaceOrientations_iPad = "UIInterfaceOrientationPortrait UIInterfaceOrientationPortraitUpsideDown UIInterfaceOrientationLandscapeLeft UIInterfaceOrientationLandscapeRight";
				INFOPLIST_KEY_UISupportedInterfaceOrientations_iPhone = "UIInterfaceOrientationPortrait UIInterfaceOrientationLandscapeLeft UIInterfaceOrientationLandscapeRight";
				LD_RUNPATH_SEARCH_PATHS = (
					"$(inherited)",
					"@executable_path/Frameworks",
				);
				MARKETING_VERSION = 1.0;
				PRODUCT_BUNDLE_IDENTIFIER = IDK.UnsplashPremium;
				PRODUCT_NAME = "$(TARGET_NAME)";
				SWIFT_EMIT_LOC_STRINGS = YES;
				SWIFT_VERSION = 5.0;
				TARGETED_DEVICE_FAMILY = "1,2";
			};
			name = Release;
		};
/* End XCBuildConfiguration section */

/* Begin XCConfigurationList section */
		CEB77D4E2817037B005C5E7A /* Build configuration list for PBXProject "UnsplashPremium" */ = {
			isa = XCConfigurationList;
			buildConfigurations = (
				CEB77D6528170380005C5E7A /* Debug */,
				CEB77D6628170380005C5E7A /* Release */,
			);
			defaultConfigurationIsVisible = 0;
			defaultConfigurationName = Release;
		};
		CEB77D6728170380005C5E7A /* Build configuration list for PBXNativeTarget "UnsplashPremium" */ = {
			isa = XCConfigurationList;
			buildConfigurations = (
				CEB77D6828170380005C5E7A /* Debug */,
				CEB77D6928170380005C5E7A /* Release */,
			);
			defaultConfigurationIsVisible = 0;
			defaultConfigurationName = Release;
		};
/* End XCConfigurationList section */
	};
	rootObject = CEB77D4B2817037B005C5E7A /* Project object */;
}
